
Microsoft Visual Studio Solution File, Format Version 12.00
# Visual Studio Version 17
VisualStudioVersion = 17.11.35219.272
MinimumVisualStudioVersion = 10.0.40219.1
Project("{9A19103F-16F7-4668-BE54-9A1E7A4F7556}") = "Jira_2.0", "Jira_2.0\Jira_2.0.csproj", "{B1FDB180-B709-49B8-A33D-4CE7804E7D60}"
EndProject
Project("{E53339B2-1760-4266-BCC7-CA923CBCF16C}") = "docker-compose", "docker-compose.dcproj", "{C46601D3-F93A-4600-96E3-D44DF677AC88}"
EndProject
Global
	GlobalSection(SolutionConfigurationPlatforms) = preSolution
		Debug|Any CPU = Debug|Any CPU
		Release|Any CPU = Release|Any CPU
	EndGlobalSection
	GlobalSection(ProjectConfigurationPlatforms) = postSolution
		{B1FDB180-B709-49B8-A33D-4CE7804E7D60}.Debug|Any CPU.ActiveCfg = Debug|Any CPU
		{B1FDB180-B709-49B8-A33D-4CE7804E7D60}.Debug|Any CPU.Build.0 = Debug|Any CPU
		{B1FDB180-B709-49B8-A33D-4CE7804E7D60}.Release|Any CPU.ActiveCfg = Release|Any CPU
		{B1FDB180-B709-49B8-A33D-4CE7804E7D60}.Release|Any CPU.Build.0 = Release|Any CPU
		{C46601D3-F93A-4600-96E3-D44DF677AC88}.Debug|Any CPU.ActiveCfg = Debug|Any CPU
		{C46601D3-F93A-4600-96E3-D44DF677AC88}.Debug|Any CPU.Build.0 = Debug|Any CPU
		{C46601D3-F93A-4600-96E3-D44DF677AC88}.Release|Any CPU.ActiveCfg = Release|Any CPU
		{C46601D3-F93A-4600-96E3-D44DF677AC88}.Release|Any CPU.Build.0 = Release|Any CPU
	EndGlobalSection
	GlobalSection(SolutionProperties) = preSolution
		HideSolutionNode = FALSE
	EndGlobalSection
	GlobalSection(ExtensibilityGlobals) = postSolution
		SolutionGuid = {17737B49-D315-4BBD-B6C0-00E43890D15A}
	EndGlobalSection
EndGlobal
